
Microsoft Visual Studio Solution File, Format Version 12.00
# Visual Studio Version 16
VisualStudioVersion = 16.0.29209.62
MinimumVisualStudioVersion = 10.0.40219.1
Project("{FAE04EC0-301F-11D3-BF4B-00C04F79EFBC}") = "RegisterOfPeopleApp", "RegisterOfPeopleApp.csproj", "{CF4DB339-D586-44E6-BD7A-EE34F437A0DB}"
EndProject
Global
	GlobalSection(SolutionConfigurationPlatforms) = preSolution
		Debug|Any CPU = Debug|Any CPU
		Release|Any CPU = Release|Any CPU
	EndGlobalSection
	GlobalSection(ProjectConfigurationPlatforms) = postSolution
		{CF4DB339-D586-44E6-BD7A-EE34F437A0DB}.Debug|Any CPU.ActiveCfg = Debug|Any CPU
		{CF4DB339-D586-44E6-BD7A-EE34F437A0DB}.Debug|Any CPU.Build.0 = Debug|Any CPU
		{CF4DB339-D586-44E6-BD7A-EE34F437A0DB}.Release|Any CPU.ActiveCfg = Release|Any CPU
		{CF4DB339-D586-44E6-BD7A-EE34F437A0DB}.Release|Any CPU.Build.0 = Release|Any CPU
	EndGlobalSection
	GlobalSection(SolutionProperties) = preSolution
		HideSolutionNode = FALSE
	EndGlobalSection
	GlobalSection(ExtensibilityGlobals) = postSolution
		SolutionGuid = {4F20622A-7E76-41D5-98B0-BA58AECFC655}
	EndGlobalSection
EndGlobal
